// !$*UTF8*$!
{
	archiveVersion = 1;
	classes = {
	};
	objectVersion = 46;
	objects = {

/* Begin PBXBuildFile section */
		228F725B19AD961F00C24ED2 /* LLSBeaconRangeManager.m in Sources */ = {isa = PBXBuildFile; fileRef = 228F725A19AD961F00C24ED2 /* LLSBeaconRangeManager.m */; };
		4BE7726019AD9499007C1817 /* LLSPlaytimeViewController.m in Sources */ = {isa = PBXBuildFile; fileRef = 4BE7725F19AD9499007C1817 /* LLSPlaytimeViewController.m */; };
		4BE7726319AD9981007C1817 /* LLSJoinGameViewController.m in Sources */ = {isa = PBXBuildFile; fileRef = 4BE7726219AD9981007C1817 /* LLSJoinGameViewController.m */; };
		4BE7726619ADDE57007C1817 /* LLSLosingViewController.m in Sources */ = {isa = PBXBuildFile; fileRef = 4BE7726519ADDE57007C1817 /* LLSLosingViewController.m */; };
		F879A97F19AD862D00921266 /* Foundation.framework in Frameworks */ = {isa = PBXBuildFile; fileRef = F879A97E19AD862D00921266 /* Foundation.framework */; };
		F879A98119AD862D00921266 /* CoreGraphics.framework in Frameworks */ = {isa = PBXBuildFile; fileRef = F879A98019AD862D00921266 /* CoreGraphics.framework */; };
		F879A98319AD862D00921266 /* UIKit.framework in Frameworks */ = {isa = PBXBuildFile; fileRef = F879A98219AD862D00921266 /* UIKit.framework */; };
		F879A98919AD862D00921266 /* InfoPlist.strings in Resources */ = {isa = PBXBuildFile; fileRef = F879A98719AD862D00921266 /* InfoPlist.strings */; };
		F879A98B19AD862D00921266 /* main.m in Sources */ = {isa = PBXBuildFile; fileRef = F879A98A19AD862D00921266 /* main.m */; };
		F879A99219AD862D00921266 /* Main.storyboard in Resources */ = {isa = PBXBuildFile; fileRef = F879A99019AD862D00921266 /* Main.storyboard */; };
		F879A99719AD862D00921266 /* Images.xcassets in Resources */ = {isa = PBXBuildFile; fileRef = F879A99619AD862D00921266 /* Images.xcassets */; };
		F879A99E19AD862D00921266 /* XCTest.framework in Frameworks */ = {isa = PBXBuildFile; fileRef = F879A99D19AD862D00921266 /* XCTest.framework */; };
		F879A99F19AD862D00921266 /* Foundation.framework in Frameworks */ = {isa = PBXBuildFile; fileRef = F879A97E19AD862D00921266 /* Foundation.framework */; };
		F879A9A019AD862D00921266 /* UIKit.framework in Frameworks */ = {isa = PBXBuildFile; fileRef = F879A98219AD862D00921266 /* UIKit.framework */; };
		F879A9A819AD862D00921266 /* InfoPlist.strings in Resources */ = {isa = PBXBuildFile; fileRef = F879A9A619AD862D00921266 /* InfoPlist.strings */; };
		F879A9AA19AD862D00921266 /* LastLawyerStandingTests.m in Sources */ = {isa = PBXBuildFile; fileRef = F879A9A919AD862D00921266 /* LastLawyerStandingTests.m */; };
		F879A9BA19AD88F100921266 /* LLSAppDelegate.m in Sources */ = {isa = PBXBuildFile; fileRef = F879A9B619AD88F100921266 /* LLSAppDelegate.m */; };
		F879A9BB19AD88F100921266 /* LLSViewController.m in Sources */ = {isa = PBXBuildFile; fileRef = F879A9B919AD88F100921266 /* LLSViewController.m */; };
		F879A9BF19AD892E00921266 /* LLSNetworkManager.m in Sources */ = {isa = PBXBuildFile; fileRef = F879A9BE19AD892E00921266 /* LLSNetworkManager.m */; };
		F8A3BBE419AD9C0400814DD2 /* LLSGame.m in Sources */ = {isa = PBXBuildFile; fileRef = F8A3BBE319AD9C0400814DD2 /* LLSGame.m */; };
		F8A3BBE719AD9C0A00814DD2 /* LLSPlayer.m in Sources */ = {isa = PBXBuildFile; fileRef = F8A3BBE619AD9C0A00814DD2 /* LLSPlayer.m */; };
		F8A3BC3219ADA4B500814DD2 /* IVGClock.m in Sources */ = {isa = PBXBuildFile; fileRef = F8A3BBED19ADA4B500814DD2 /* IVGClock.m */; };
		F8A3BC3419ADA4B500814DD2 /* IVGGradientTableView.m in Sources */ = {isa = PBXBuildFile; fileRef = F8A3BBF219ADA4B500814DD2 /* IVGGradientTableView.m */; };
		F8A3BC3519ADA4B500814DD2 /* IVGGradientTableViewCell.m in Sources */ = {isa = PBXBuildFile; fileRef = F8A3BBF419ADA4B500814DD2 /* IVGGradientTableViewCell.m */; };
		F8A3BC3619ADA4B500814DD2 /* IVGGradientView.m in Sources */ = {isa = PBXBuildFile; fileRef = F8A3BBF619ADA4B500814DD2 /* IVGGradientView.m */; };
		F8A3BC3719ADA4B500814DD2 /* IVGHTMLExtractor.m in Sources */ = {isa = PBXBuildFile; fileRef = F8A3BBF819ADA4B500814DD2 /* IVGHTMLExtractor.m */; };
		F8A3BC3819ADA4B500814DD2 /* IVGImageScrollView.m in Sources */ = {isa = PBXBuildFile; fileRef = F8A3BBFA19ADA4B500814DD2 /* IVGImageScrollView.m */; };
		F8A3BC3919ADA4B500814DD2 /* IVGKeyboardToolbar.m in Sources */ = {isa = PBXBuildFile; fileRef = F8A3BBFC19ADA4B500814DD2 /* IVGKeyboardToolbar.m */; };
		F8A3BC3A19ADA4B500814DD2 /* IVGPair.m in Sources */ = {isa = PBXBuildFile; fileRef = F8A3BBFE19ADA4B500814DD2 /* IVGPair.m */; };
		F8A3BC3B19ADA4B500814DD2 /* IVGPassthroughView.m in Sources */ = {isa = PBXBuildFile; fileRef = F8A3BC0019ADA4B500814DD2 /* IVGPassthroughView.m */; };
		F8A3BC3C19ADA4B500814DD2 /* IVGTextView.m in Sources */ = {isa = PBXBuildFile; fileRef = F8A3BC0219ADA4B500814DD2 /* IVGTextView.m */; };
		F8A3BC3D19ADA4B500814DD2 /* IVGTouchableTableView.m in Sources */ = {isa = PBXBuildFile; fileRef = F8A3BC0419ADA4B500814DD2 /* IVGTouchableTableView.m */; };
		F8A3BC3E19ADA4B500814DD2 /* IVGUtils.m in Sources */ = {isa = PBXBuildFile; fileRef = F8A3BC0619ADA4B500814DD2 /* IVGUtils.m */; };
		F8A3BC3F19ADA4B500814DD2 /* IVGView.m in Sources */ = {isa = PBXBuildFile; fileRef = F8A3BC0819ADA4B500814DD2 /* IVGView.m */; };
		F8A3BC4019ADA4B500814DD2 /* NSArray+IVGUtils.m in Sources */ = {isa = PBXBuildFile; fileRef = F8A3BC0A19ADA4B500814DD2 /* NSArray+IVGUtils.m */; };
		F8A3BC4119ADA4B500814DD2 /* NSData+IVGUtils.m in Sources */ = {isa = PBXBuildFile; fileRef = F8A3BC0C19ADA4B500814DD2 /* NSData+IVGUtils.m */; };
		F8A3BC4219ADA4B500814DD2 /* NSDate+IVGUtils.m in Sources */ = {isa = PBXBuildFile; fileRef = F8A3BC0E19ADA4B500814DD2 /* NSDate+IVGUtils.m */; };
		F8A3BC4319ADA4B500814DD2 /* NSDictionary+IVGUtils.m in Sources */ = {isa = PBXBuildFile; fileRef = F8A3BC1019ADA4B500814DD2 /* NSDictionary+IVGUtils.m */; };
		F8A3BC4419ADA4B500814DD2 /* NSFileManager+IVGUtils.m in Sources */ = {isa = PBXBuildFile; fileRef = F8A3BC1219ADA4B500814DD2 /* NSFileManager+IVGUtils.m */; };
		F8A3BC4519ADA4B500814DD2 /* NSObject+IVGUtils.m in Sources */ = {isa = PBXBuildFile; fileRef = F8A3BC1419ADA4B500814DD2 /* NSObject+IVGUtils.m */; };
		F8A3BC4619ADA4B500814DD2 /* NSOrderedSet+IVGUtils.m in Sources */ = {isa = PBXBuildFile; fileRef = F8A3BC1619ADA4B500814DD2 /* NSOrderedSet+IVGUtils.m */; };
		F8A3BC4719ADA4B500814DD2 /* NSSet+IVGUtils.m in Sources */ = {isa = PBXBuildFile; fileRef = F8A3BC1819ADA4B500814DD2 /* NSSet+IVGUtils.m */; };
		F8A3BC4819ADA4B500814DD2 /* NSString+IVGUtils.m in Sources */ = {isa = PBXBuildFile; fileRef = F8A3BC1A19ADA4B500814DD2 /* NSString+IVGUtils.m */; };
		F8A3BC4919ADA4B500814DD2 /* NSURLResponse+IVGUtils.m in Sources */ = {isa = PBXBuildFile; fileRef = F8A3BC1C19ADA4B500814DD2 /* NSURLResponse+IVGUtils.m */; };
		F8A3BC4A19ADA4B500814DD2 /* UIColor+IVGUtils.m in Sources */ = {isa = PBXBuildFile; fileRef = F8A3BC1E19ADA4B500814DD2 /* UIColor+IVGUtils.m */; };
		F8A3BC4B19ADA4B500814DD2 /* UIDevice+IVGUtils.m in Sources */ = {isa = PBXBuildFile; fileRef = F8A3BC2019ADA4B500814DD2 /* UIDevice+IVGUtils.m */; };
		F8A3BC4C19ADA4B500814DD2 /* UIImage+IVGUtils.m in Sources */ = {isa = PBXBuildFile; fileRef = F8A3BC2219ADA4B500814DD2 /* UIImage+IVGUtils.m */; };
		F8A3BC4D19ADA4B500814DD2 /* UILabel+IVGUtils.m in Sources */ = {isa = PBXBuildFile; fileRef = F8A3BC2419ADA4B500814DD2 /* UILabel+IVGUtils.m */; };
		F8A3BC4E19ADA4B500814DD2 /* UITabBarController+IVGUtils.m in Sources */ = {isa = PBXBuildFile; fileRef = F8A3BC2619ADA4B500814DD2 /* UITabBarController+IVGUtils.m */; };
		F8A3BC4F19ADA4B500814DD2 /* UITextField+IVGUtils.m in Sources */ = {isa = PBXBuildFile; fileRef = F8A3BC2819ADA4B500814DD2 /* UITextField+IVGUtils.m */; };
		F8A3BC5019ADA4B500814DD2 /* UIToolbar+IVGUtils.m in Sources */ = {isa = PBXBuildFile; fileRef = F8A3BC2A19ADA4B500814DD2 /* UIToolbar+IVGUtils.m */; };
		F8A3BC5119ADA4B500814DD2 /* UIView+IVGCustomProperties.m in Sources */ = {isa = PBXBuildFile; fileRef = F8A3BC2C19ADA4B500814DD2 /* UIView+IVGCustomProperties.m */; };
		F8A3BC5219ADA4B500814DD2 /* UIView+IVGUtils.m in Sources */ = {isa = PBXBuildFile; fileRef = F8A3BC2E19ADA4B500814DD2 /* UIView+IVGUtils.m */; };
		F8A3BC5319ADA4B500814DD2 /* UIViewController+IVGUtils.m in Sources */ = {isa = PBXBuildFile; fileRef = F8A3BC3019ADA4B500814DD2 /* UIViewController+IVGUtils.m */; };
/* End PBXBuildFile section */

/* Begin PBXContainerItemProxy section */
		F879A9A119AD862D00921266 /* PBXContainerItemProxy */ = {
			isa = PBXContainerItemProxy;
			containerPortal = F879A97319AD862D00921266 /* Project object */;
			proxyType = 1;
			remoteGlobalIDString = F879A97A19AD862D00921266;
			remoteInfo = LastLawyerStanding;
		};
/* End PBXContainerItemProxy section */

/* Begin PBXFileReference section */
		228F725919AD961F00C24ED2 /* LLSBeaconRangeManager.h */ = {isa = PBXFileReference; fileEncoding = 4; lastKnownFileType = sourcecode.c.h; name = LLSBeaconRangeManager.h; path = ibeacon/LLSBeaconRangeManager.h; sourceTree = "<group>"; };
		228F725A19AD961F00C24ED2 /* LLSBeaconRangeManager.m */ = {isa = PBXFileReference; fileEncoding = 4; lastKnownFileType = sourcecode.c.objc; name = LLSBeaconRangeManager.m; path = ibeacon/LLSBeaconRangeManager.m; sourceTree = "<group>"; };
		4BE7725E19AD9499007C1817 /* LLSPlaytimeViewController.h */ = {isa = PBXFileReference; fileEncoding = 4; lastKnownFileType = sourcecode.c.h; path = LLSPlaytimeViewController.h; sourceTree = "<group>"; };
		4BE7725F19AD9499007C1817 /* LLSPlaytimeViewController.m */ = {isa = PBXFileReference; fileEncoding = 4; lastKnownFileType = sourcecode.c.objc; path = LLSPlaytimeViewController.m; sourceTree = "<group>"; };
		4BE7726119AD9981007C1817 /* LLSJoinGameViewController.h */ = {isa = PBXFileReference; fileEncoding = 4; lastKnownFileType = sourcecode.c.h; path = LLSJoinGameViewController.h; sourceTree = "<group>"; };
		4BE7726219AD9981007C1817 /* LLSJoinGameViewController.m */ = {isa = PBXFileReference; fileEncoding = 4; lastKnownFileType = sourcecode.c.objc; path = LLSJoinGameViewController.m; sourceTree = "<group>"; };
		4BE7726419ADDE57007C1817 /* LLSLosingViewController.h */ = {isa = PBXFileReference; fileEncoding = 4; lastKnownFileType = sourcecode.c.h; path = LLSLosingViewController.h; sourceTree = "<group>"; };
		4BE7726519ADDE57007C1817 /* LLSLosingViewController.m */ = {isa = PBXFileReference; fileEncoding = 4; lastKnownFileType = sourcecode.c.objc; path = LLSLosingViewController.m; sourceTree = "<group>"; };
		F879A97B19AD862D00921266 /* LastLawyerStanding.app */ = {isa = PBXFileReference; explicitFileType = wrapper.application; includeInIndex = 0; path = LastLawyerStanding.app; sourceTree = BUILT_PRODUCTS_DIR; };
		F879A97E19AD862D00921266 /* Foundation.framework */ = {isa = PBXFileReference; lastKnownFileType = wrapper.framework; name = Foundation.framework; path = System/Library/Frameworks/Foundation.framework; sourceTree = SDKROOT; };
		F879A98019AD862D00921266 /* CoreGraphics.framework */ = {isa = PBXFileReference; lastKnownFileType = wrapper.framework; name = CoreGraphics.framework; path = System/Library/Frameworks/CoreGraphics.framework; sourceTree = SDKROOT; };
		F879A98219AD862D00921266 /* UIKit.framework */ = {isa = PBXFileReference; lastKnownFileType = wrapper.framework; name = UIKit.framework; path = System/Library/Frameworks/UIKit.framework; sourceTree = SDKROOT; };
		F879A98619AD862D00921266 /* LastLawyerStanding-Info.plist */ = {isa = PBXFileReference; lastKnownFileType = text.plist.xml; path = "LastLawyerStanding-Info.plist"; sourceTree = "<group>"; };
		F879A98819AD862D00921266 /* en */ = {isa = PBXFileReference; lastKnownFileType = text.plist.strings; name = en; path = en.lproj/InfoPlist.strings; sourceTree = "<group>"; };
		F879A98A19AD862D00921266 /* main.m */ = {isa = PBXFileReference; lastKnownFileType = sourcecode.c.objc; path = main.m; sourceTree = "<group>"; };
		F879A98C19AD862D00921266 /* LastLawyerStanding-Prefix.pch */ = {isa = PBXFileReference; lastKnownFileType = sourcecode.c.h; path = "LastLawyerStanding-Prefix.pch"; sourceTree = "<group>"; };
		F879A99119AD862D00921266 /* Base */ = {isa = PBXFileReference; lastKnownFileType = file.storyboard; name = Base; path = Base.lproj/Main.storyboard; sourceTree = "<group>"; };
		F879A99619AD862D00921266 /* Images.xcassets */ = {isa = PBXFileReference; lastKnownFileType = folder.assetcatalog; path = Images.xcassets; sourceTree = "<group>"; };
		F879A99C19AD862D00921266 /* LastLawyerStandingTests.xctest */ = {isa = PBXFileReference; explicitFileType = wrapper.cfbundle; includeInIndex = 0; path = LastLawyerStandingTests.xctest; sourceTree = BUILT_PRODUCTS_DIR; };
		F879A99D19AD862D00921266 /* XCTest.framework */ = {isa = PBXFileReference; lastKnownFileType = wrapper.framework; name = XCTest.framework; path = Library/Frameworks/XCTest.framework; sourceTree = DEVELOPER_DIR; };
		F879A9A519AD862D00921266 /* LastLawyerStandingTests-Info.plist */ = {isa = PBXFileReference; lastKnownFileType = text.plist.xml; path = "LastLawyerStandingTests-Info.plist"; sourceTree = "<group>"; };
		F879A9A719AD862D00921266 /* en */ = {isa = PBXFileReference; lastKnownFileType = text.plist.strings; name = en; path = en.lproj/InfoPlist.strings; sourceTree = "<group>"; };
		F879A9A919AD862D00921266 /* LastLawyerStandingTests.m */ = {isa = PBXFileReference; lastKnownFileType = sourcecode.c.objc; path = LastLawyerStandingTests.m; sourceTree = "<group>"; };
		F879A9B519AD88F100921266 /* LLSAppDelegate.h */ = {isa = PBXFileReference; fileEncoding = 4; lastKnownFileType = sourcecode.c.h; path = LLSAppDelegate.h; sourceTree = "<group>"; };
		F879A9B619AD88F100921266 /* LLSAppDelegate.m */ = {isa = PBXFileReference; fileEncoding = 4; lastKnownFileType = sourcecode.c.objc; path = LLSAppDelegate.m; sourceTree = "<group>"; };
		F879A9B819AD88F100921266 /* LLSViewController.h */ = {isa = PBXFileReference; fileEncoding = 4; lastKnownFileType = sourcecode.c.h; path = LLSViewController.h; sourceTree = "<group>"; };
		F879A9B919AD88F100921266 /* LLSViewController.m */ = {isa = PBXFileReference; fileEncoding = 4; lastKnownFileType = sourcecode.c.objc; path = LLSViewController.m; sourceTree = "<group>"; };
		F879A9BD19AD892E00921266 /* LLSNetworkManager.h */ = {isa = PBXFileReference; fileEncoding = 4; lastKnownFileType = sourcecode.c.h; path = LLSNetworkManager.h; sourceTree = "<group>"; };
		F879A9BE19AD892E00921266 /* LLSNetworkManager.m */ = {isa = PBXFileReference; fileEncoding = 4; lastKnownFileType = sourcecode.c.objc; path = LLSNetworkManager.m; sourceTree = "<group>"; };
		F8A3BBE219AD9C0400814DD2 /* LLSGame.h */ = {isa = PBXFileReference; fileEncoding = 4; lastKnownFileType = sourcecode.c.h; path = LLSGame.h; sourceTree = "<group>"; };
		F8A3BBE319AD9C0400814DD2 /* LLSGame.m */ = {isa = PBXFileReference; fileEncoding = 4; lastKnownFileType = sourcecode.c.objc; path = LLSGame.m; sourceTree = "<group>"; };
		F8A3BBE519AD9C0A00814DD2 /* LLSPlayer.h */ = {isa = PBXFileReference; fileEncoding = 4; lastKnownFileType = sourcecode.c.h; path = LLSPlayer.h; sourceTree = "<group>"; };
		F8A3BBE619AD9C0A00814DD2 /* LLSPlayer.m */ = {isa = PBXFileReference; fileEncoding = 4; lastKnownFileType = sourcecode.c.objc; path = LLSPlayer.m; sourceTree = "<group>"; };
		F8A3BBEA19ADA4B500814DD2 /* IVGBlockMap.h */ = {isa = PBXFileReference; fileEncoding = 4; lastKnownFileType = sourcecode.c.h; path = IVGBlockMap.h; sourceTree = "<group>"; };
		F8A3BBEB19ADA4B500814DD2 /* IVGBlockMap.m */ = {isa = PBXFileReference; fileEncoding = 4; lastKnownFileType = sourcecode.c.objc; path = IVGBlockMap.m; sourceTree = "<group>"; };
		F8A3BBEC19ADA4B500814DD2 /* IVGClock.h */ = {isa = PBXFileReference; fileEncoding = 4; lastKnownFileType = sourcecode.c.h; path = IVGClock.h; sourceTree = "<group>"; };
		F8A3BBED19ADA4B500814DD2 /* IVGClock.m */ = {isa = PBXFileReference; fileEncoding = 4; lastKnownFileType = sourcecode.c.objc; path = IVGClock.m; sourceTree = "<group>"; };
		F8A3BBEE19ADA4B500814DD2 /* IVGDebug.h */ = {isa = PBXFileReference; fileEncoding = 4; lastKnownFileType = sourcecode.c.h; path = IVGDebug.h; sourceTree = "<group>"; };
		F8A3BBEF19ADA4B500814DD2 /* IVGGradientButton.h */ = {isa = PBXFileReference; fileEncoding = 4; lastKnownFileType = sourcecode.c.h; path = IVGGradientButton.h; sourceTree = "<group>"; };
		F8A3BBF019ADA4B500814DD2 /* IVGGradientButton.m */ = {isa = PBXFileReference; fileEncoding = 4; lastKnownFileType = sourcecode.c.objc; path = IVGGradientButton.m; sourceTree = "<group>"; };
		F8A3BBF119ADA4B500814DD2 /* IVGGradientTableView.h */ = {isa = PBXFileReference; fileEncoding = 4; lastKnownFileType = sourcecode.c.h; path = IVGGradientTableView.h; sourceTree = "<group>"; };
		F8A3BBF219ADA4B500814DD2 /* IVGGradientTableView.m */ = {isa = PBXFileReference; fileEncoding = 4; lastKnownFileType = sourcecode.c.objc; path = IVGGradientTableView.m; sourceTree = "<group>"; };
		F8A3BBF319ADA4B500814DD2 /* IVGGradientTableViewCell.h */ = {isa = PBXFileReference; fileEncoding = 4; lastKnownFileType = sourcecode.c.h; path = IVGGradientTableViewCell.h; sourceTree = "<group>"; };
		F8A3BBF419ADA4B500814DD2 /* IVGGradientTableViewCell.m */ = {isa = PBXFileReference; fileEncoding = 4; lastKnownFileType = sourcecode.c.objc; path = IVGGradientTableViewCell.m; sourceTree = "<group>"; };
		F8A3BBF519ADA4B500814DD2 /* IVGGradientView.h */ = {isa = PBXFileReference; fileEncoding = 4; lastKnownFileType = sourcecode.c.h; path = IVGGradientView.h; sourceTree = "<group>"; };
		F8A3BBF619ADA4B500814DD2 /* IVGGradientView.m */ = {isa = PBXFileReference; fileEncoding = 4; lastKnownFileType = sourcecode.c.objc; path = IVGGradientView.m; sourceTree = "<group>"; };
		F8A3BBF719ADA4B500814DD2 /* IVGHTMLExtractor.h */ = {isa = PBXFileReference; fileEncoding = 4; lastKnownFileType = sourcecode.c.h; path = IVGHTMLExtractor.h; sourceTree = "<group>"; };
		F8A3BBF819ADA4B500814DD2 /* IVGHTMLExtractor.m */ = {isa = PBXFileReference; fileEncoding = 4; lastKnownFileType = sourcecode.c.objc; path = IVGHTMLExtractor.m; sourceTree = "<group>"; };
		F8A3BBF919ADA4B500814DD2 /* IVGImageScrollView.h */ = {isa = PBXFileReference; fileEncoding = 4; lastKnownFileType = sourcecode.c.h; path = IVGImageScrollView.h; sourceTree = "<group>"; };
		F8A3BBFA19ADA4B500814DD2 /* IVGImageScrollView.m */ = {isa = PBXFileReference; fileEncoding = 4; lastKnownFileType = sourcecode.c.objc; path = IVGImageScrollView.m; sourceTree = "<group>"; };
		F8A3BBFB19ADA4B500814DD2 /* IVGKeyboardToolbar.h */ = {isa = PBXFileReference; fileEncoding = 4; lastKnownFileType = sourcecode.c.h; path = IVGKeyboardToolbar.h; sourceTree = "<group>"; };
		F8A3BBFC19ADA4B500814DD2 /* IVGKeyboardToolbar.m */ = {isa = PBXFileReference; fileEncoding = 4; lastKnownFileType = sourcecode.c.objc; path = IVGKeyboardToolbar.m; sourceTree = "<group>"; };
		F8A3BBFD19ADA4B500814DD2 /* IVGPair.h */ = {isa = PBXFileReference; fileEncoding = 4; lastKnownFileType = sourcecode.c.h; path = IVGPair.h; sourceTree = "<group>"; };
		F8A3BBFE19ADA4B500814DD2 /* IVGPair.m */ = {isa = PBXFileReference; fileEncoding = 4; lastKnownFileType = sourcecode.c.objc; path = IVGPair.m; sourceTree = "<group>"; };
		F8A3BBFF19ADA4B500814DD2 /* IVGPassthroughView.h */ = {isa = PBXFileReference; fileEncoding = 4; lastKnownFileType = sourcecode.c.h; path = IVGPassthroughView.h; sourceTree = "<group>"; };
		F8A3BC0019ADA4B500814DD2 /* IVGPassthroughView.m */ = {isa = PBXFileReference; fileEncoding = 4; lastKnownFileType = sourcecode.c.objc; path = IVGPassthroughView.m; sourceTree = "<group>"; };
		F8A3BC0119ADA4B500814DD2 /* IVGTextView.h */ = {isa = PBXFileReference; fileEncoding = 4; lastKnownFileType = sourcecode.c.h; path = IVGTextView.h; sourceTree = "<group>"; };
		F8A3BC0219ADA4B500814DD2 /* IVGTextView.m */ = {isa = PBXFileReference; fileEncoding = 4; lastKnownFileType = sourcecode.c.objc; path = IVGTextView.m; sourceTree = "<group>"; };
		F8A3BC0319ADA4B500814DD2 /* IVGTouchableTableView.h */ = {isa = PBXFileReference; fileEncoding = 4; lastKnownFileType = sourcecode.c.h; path = IVGTouchableTableView.h; sourceTree = "<group>"; };
		F8A3BC0419ADA4B500814DD2 /* IVGTouchableTableView.m */ = {isa = PBXFileReference; fileEncoding = 4; lastKnownFileType = sourcecode.c.objc; path = IVGTouchableTableView.m; sourceTree = "<group>"; };
		F8A3BC0519ADA4B500814DD2 /* IVGUtils.h */ = {isa = PBXFileReference; fileEncoding = 4; lastKnownFileType = sourcecode.c.h; path = IVGUtils.h; sourceTree = "<group>"; };
		F8A3BC0619ADA4B500814DD2 /* IVGUtils.m */ = {isa = PBXFileReference; fileEncoding = 4; lastKnownFileType = sourcecode.c.objc; path = IVGUtils.m; sourceTree = "<group>"; };
		F8A3BC0719ADA4B500814DD2 /* IVGView.h */ = {isa = PBXFileReference; fileEncoding = 4; lastKnownFileType = sourcecode.c.h; path = IVGView.h; sourceTree = "<group>"; };
		F8A3BC0819ADA4B500814DD2 /* IVGView.m */ = {isa = PBXFileReference; fileEncoding = 4; lastKnownFileType = sourcecode.c.objc; path = IVGView.m; sourceTree = "<group>"; };
		F8A3BC0919ADA4B500814DD2 /* NSArray+IVGUtils.h */ = {isa = PBXFileReference; fileEncoding = 4; lastKnownFileType = sourcecode.c.h; path = "NSArray+IVGUtils.h"; sourceTree = "<group>"; };
		F8A3BC0A19ADA4B500814DD2 /* NSArray+IVGUtils.m */ = {isa = PBXFileReference; fileEncoding = 4; lastKnownFileType = sourcecode.c.objc; path = "NSArray+IVGUtils.m"; sourceTree = "<group>"; };
		F8A3BC0B19ADA4B500814DD2 /* NSData+IVGUtils.h */ = {isa = PBXFileReference; fileEncoding = 4; lastKnownFileType = sourcecode.c.h; path = "NSData+IVGUtils.h"; sourceTree = "<group>"; };
		F8A3BC0C19ADA4B500814DD2 /* NSData+IVGUtils.m */ = {isa = PBXFileReference; fileEncoding = 4; lastKnownFileType = sourcecode.c.objc; path = "NSData+IVGUtils.m"; sourceTree = "<group>"; };
		F8A3BC0D19ADA4B500814DD2 /* NSDate+IVGUtils.h */ = {isa = PBXFileReference; fileEncoding = 4; lastKnownFileType = sourcecode.c.h; path = "NSDate+IVGUtils.h"; sourceTree = "<group>"; };
		F8A3BC0E19ADA4B500814DD2 /* NSDate+IVGUtils.m */ = {isa = PBXFileReference; fileEncoding = 4; lastKnownFileType = sourcecode.c.objc; path = "NSDate+IVGUtils.m"; sourceTree = "<group>"; };
		F8A3BC0F19ADA4B500814DD2 /* NSDictionary+IVGUtils.h */ = {isa = PBXFileReference; fileEncoding = 4; lastKnownFileType = sourcecode.c.h; path = "NSDictionary+IVGUtils.h"; sourceTree = "<group>"; };
		F8A3BC1019ADA4B500814DD2 /* NSDictionary+IVGUtils.m */ = {isa = PBXFileReference; fileEncoding = 4; lastKnownFileType = sourcecode.c.objc; path = "NSDictionary+IVGUtils.m"; sourceTree = "<group>"; };
		F8A3BC1119ADA4B500814DD2 /* NSFileManager+IVGUtils.h */ = {isa = PBXFileReference; fileEncoding = 4; lastKnownFileType = sourcecode.c.h; path = "NSFileManager+IVGUtils.h"; sourceTree = "<group>"; };
		F8A3BC1219ADA4B500814DD2 /* NSFileManager+IVGUtils.m */ = {isa = PBXFileReference; fileEncoding = 4; lastKnownFileType = sourcecode.c.objc; path = "NSFileManager+IVGUtils.m"; sourceTree = "<group>"; };
		F8A3BC1319ADA4B500814DD2 /* NSObject+IVGUtils.h */ = {isa = PBXFileReference; fileEncoding = 4; lastKnownFileType = sourcecode.c.h; path = "NSObject+IVGUtils.h"; sourceTree = "<group>"; };
		F8A3BC1419ADA4B500814DD2 /* NSObject+IVGUtils.m */ = {isa = PBXFileReference; fileEncoding = 4; lastKnownFileType = sourcecode.c.objc; path = "NSObject+IVGUtils.m"; sourceTree = "<group>"; };
		F8A3BC1519ADA4B500814DD2 /* NSOrderedSet+IVGUtils.h */ = {isa = PBXFileReference; fileEncoding = 4; lastKnownFileType = sourcecode.c.h; path = "NSOrderedSet+IVGUtils.h"; sourceTree = "<group>"; };
		F8A3BC1619ADA4B500814DD2 /* NSOrderedSet+IVGUtils.m */ = {isa = PBXFileReference; fileEncoding = 4; lastKnownFileType = sourcecode.c.objc; path = "NSOrderedSet+IVGUtils.m"; sourceTree = "<group>"; };
		F8A3BC1719ADA4B500814DD2 /* NSSet+IVGUtils.h */ = {isa = PBXFileReference; fileEncoding = 4; lastKnownFileType = sourcecode.c.h; path = "NSSet+IVGUtils.h"; sourceTree = "<group>"; };
		F8A3BC1819ADA4B500814DD2 /* NSSet+IVGUtils.m */ = {isa = PBXFileReference; fileEncoding = 4; lastKnownFileType = sourcecode.c.objc; path = "NSSet+IVGUtils.m"; sourceTree = "<group>"; };
		F8A3BC1919ADA4B500814DD2 /* NSString+IVGUtils.h */ = {isa = PBXFileReference; fileEncoding = 4; lastKnownFileType = sourcecode.c.h; path = "NSString+IVGUtils.h"; sourceTree = "<group>"; };
		F8A3BC1A19ADA4B500814DD2 /* NSString+IVGUtils.m */ = {isa = PBXFileReference; fileEncoding = 4; lastKnownFileType = sourcecode.c.objc; path = "NSString+IVGUtils.m"; sourceTree = "<group>"; };
		F8A3BC1B19ADA4B500814DD2 /* NSURLResponse+IVGUtils.h */ = {isa = PBXFileReference; fileEncoding = 4; lastKnownFileType = sourcecode.c.h; path = "NSURLResponse+IVGUtils.h"; sourceTree = "<group>"; };
		F8A3BC1C19ADA4B500814DD2 /* NSURLResponse+IVGUtils.m */ = {isa = PBXFileReference; fileEncoding = 4; lastKnownFileType = sourcecode.c.objc; path = "NSURLResponse+IVGUtils.m"; sourceTree = "<group>"; };
		F8A3BC1D19ADA4B500814DD2 /* UIColor+IVGUtils.h */ = {isa = PBXFileReference; fileEncoding = 4; lastKnownFileType = sourcecode.c.h; path = "UIColor+IVGUtils.h"; sourceTree = "<group>"; };
		F8A3BC1E19ADA4B500814DD2 /* UIColor+IVGUtils.m */ = {isa = PBXFileReference; fileEncoding = 4; lastKnownFileType = sourcecode.c.objc; path = "UIColor+IVGUtils.m"; sourceTree = "<group>"; };
		F8A3BC1F19ADA4B500814DD2 /* UIDevice+IVGUtils.h */ = {isa = PBXFileReference; fileEncoding = 4; lastKnownFileType = sourcecode.c.h; path = "UIDevice+IVGUtils.h"; sourceTree = "<group>"; };
		F8A3BC2019ADA4B500814DD2 /* UIDevice+IVGUtils.m */ = {isa = PBXFileReference; fileEncoding = 4; lastKnownFileType = sourcecode.c.objc; path = "UIDevice+IVGUtils.m"; sourceTree = "<group>"; };
		F8A3BC2119ADA4B500814DD2 /* UIImage+IVGUtils.h */ = {isa = PBXFileReference; fileEncoding = 4; lastKnownFileType = sourcecode.c.h; path = "UIImage+IVGUtils.h"; sourceTree = "<group>"; };
		F8A3BC2219ADA4B500814DD2 /* UIImage+IVGUtils.m */ = {isa = PBXFileReference; fileEncoding = 4; lastKnownFileType = sourcecode.c.objc; path = "UIImage+IVGUtils.m"; sourceTree = "<group>"; };
		F8A3BC2319ADA4B500814DD2 /* UILabel+IVGUtils.h */ = {isa = PBXFileReference; fileEncoding = 4; lastKnownFileType = sourcecode.c.h; path = "UILabel+IVGUtils.h"; sourceTree = "<group>"; };
		F8A3BC2419ADA4B500814DD2 /* UILabel+IVGUtils.m */ = {isa = PBXFileReference; fileEncoding = 4; lastKnownFileType = sourcecode.c.objc; path = "UILabel+IVGUtils.m"; sourceTree = "<group>"; };
		F8A3BC2519ADA4B500814DD2 /* UITabBarController+IVGUtils.h */ = {isa = PBXFileReference; fileEncoding = 4; lastKnownFileType = sourcecode.c.h; path = "UITabBarController+IVGUtils.h"; sourceTree = "<group>"; };
		F8A3BC2619ADA4B500814DD2 /* UITabBarController+IVGUtils.m */ = {isa = PBXFileReference; fileEncoding = 4; lastKnownFileType = sourcecode.c.objc; path = "UITabBarController+IVGUtils.m"; sourceTree = "<group>"; };
		F8A3BC2719ADA4B500814DD2 /* UITextField+IVGUtils.h */ = {isa = PBXFileReference; fileEncoding = 4; lastKnownFileType = sourcecode.c.h; path = "UITextField+IVGUtils.h"; sourceTree = "<group>"; };
		F8A3BC2819ADA4B500814DD2 /* UITextField+IVGUtils.m */ = {isa = PBXFileReference; fileEncoding = 4; lastKnownFileType = sourcecode.c.objc; path = "UITextField+IVGUtils.m"; sourceTree = "<group>"; };
		F8A3BC2919ADA4B500814DD2 /* UIToolbar+IVGUtils.h */ = {isa = PBXFileReference; fileEncoding = 4; lastKnownFileType = sourcecode.c.h; path = "UIToolbar+IVGUtils.h"; sourceTree = "<group>"; };
		F8A3BC2A19ADA4B500814DD2 /* UIToolbar+IVGUtils.m */ = {isa = PBXFileReference; fileEncoding = 4; lastKnownFileType = sourcecode.c.objc; path = "UIToolbar+IVGUtils.m"; sourceTree = "<group>"; };
		F8A3BC2B19ADA4B500814DD2 /* UIView+IVGCustomProperties.h */ = {isa = PBXFileReference; fileEncoding = 4; lastKnownFileType = sourcecode.c.h; path = "UIView+IVGCustomProperties.h"; sourceTree = "<group>"; };
		F8A3BC2C19ADA4B500814DD2 /* UIView+IVGCustomProperties.m */ = {isa = PBXFileReference; fileEncoding = 4; lastKnownFileType = sourcecode.c.objc; path = "UIView+IVGCustomProperties.m"; sourceTree = "<group>"; };
		F8A3BC2D19ADA4B500814DD2 /* UIView+IVGUtils.h */ = {isa = PBXFileReference; fileEncoding = 4; lastKnownFileType = sourcecode.c.h; path = "UIView+IVGUtils.h"; sourceTree = "<group>"; };
		F8A3BC2E19ADA4B500814DD2 /* UIView+IVGUtils.m */ = {isa = PBXFileReference; fileEncoding = 4; lastKnownFileType = sourcecode.c.objc; path = "UIView+IVGUtils.m"; sourceTree = "<group>"; };
		F8A3BC2F19ADA4B500814DD2 /* UIViewController+IVGUtils.h */ = {isa = PBXFileReference; fileEncoding = 4; lastKnownFileType = sourcecode.c.h; path = "UIViewController+IVGUtils.h"; sourceTree = "<group>"; };
		F8A3BC3019ADA4B500814DD2 /* UIViewController+IVGUtils.m */ = {isa = PBXFileReference; fileEncoding = 4; lastKnownFileType = sourcecode.c.objc; path = "UIViewController+IVGUtils.m"; sourceTree = "<group>"; };
		F8A3BC5419ADAAA200814DD2 /* LLSSerializable.h */ = {isa = PBXFileReference; lastKnownFileType = sourcecode.c.h; path = LLSSerializable.h; sourceTree = "<group>"; };
/* End PBXFileReference section */

/* Begin PBXFrameworksBuildPhase section */
		F879A97819AD862D00921266 /* Frameworks */ = {
			isa = PBXFrameworksBuildPhase;
			buildActionMask = 2147483647;
			files = (
				F879A98119AD862D00921266 /* CoreGraphics.framework in Frameworks */,
				F879A98319AD862D00921266 /* UIKit.framework in Frameworks */,
				F879A97F19AD862D00921266 /* Foundation.framework in Frameworks */,
			);
			runOnlyForDeploymentPostprocessing = 0;
		};
		F879A99919AD862D00921266 /* Frameworks */ = {
			isa = PBXFrameworksBuildPhase;
			buildActionMask = 2147483647;
			files = (
				F879A99E19AD862D00921266 /* XCTest.framework in Frameworks */,
				F879A9A019AD862D00921266 /* UIKit.framework in Frameworks */,
				F879A99F19AD862D00921266 /* Foundation.framework in Frameworks */,
			);
			runOnlyForDeploymentPostprocessing = 0;
		};
/* End PBXFrameworksBuildPhase section */

/* Begin PBXGroup section */
		228F725819AD95EC00C24ED2 /* ibeacon */ = {
			isa = PBXGroup;
			children = (
				228F725919AD961F00C24ED2 /* LLSBeaconRangeManager.h */,
				228F725A19AD961F00C24ED2 /* LLSBeaconRangeManager.m */,
			);
			name = ibeacon;
			sourceTree = "<group>";
		};
		F879A97219AD862D00921266 = {
			isa = PBXGroup;
			children = (
				F879A98419AD862D00921266 /* LastLawyerStanding */,
				F879A9A319AD862D00921266 /* LastLawyerStandingTests */,
				F879A97D19AD862D00921266 /* Frameworks */,
				F879A97C19AD862D00921266 /* Products */,
			);
			sourceTree = "<group>";
		};
		F879A97C19AD862D00921266 /* Products */ = {
			isa = PBXGroup;
			children = (
				F879A97B19AD862D00921266 /* LastLawyerStanding.app */,
				F879A99C19AD862D00921266 /* LastLawyerStandingTests.xctest */,
			);
			name = Products;
			sourceTree = "<group>";
		};
		F879A97D19AD862D00921266 /* Frameworks */ = {
			isa = PBXGroup;
			children = (
				F879A97E19AD862D00921266 /* Foundation.framework */,
				F879A98019AD862D00921266 /* CoreGraphics.framework */,
				F879A98219AD862D00921266 /* UIKit.framework */,
				F879A99D19AD862D00921266 /* XCTest.framework */,
			);
			name = Frameworks;
			sourceTree = "<group>";
		};
		F879A98419AD862D00921266 /* LastLawyerStanding */ = {
			isa = PBXGroup;
			children = (
				F8A3BBE819ADA4B500814DD2 /* external */,
				F879A9B319AD88F100921266 /* source */,
				F879A99019AD862D00921266 /* Main.storyboard */,
				F879A99619AD862D00921266 /* Images.xcassets */,
				F879A98519AD862D00921266 /* Supporting Files */,
			);
			path = LastLawyerStanding;
			sourceTree = "<group>";
		};
		F879A98519AD862D00921266 /* Supporting Files */ = {
			isa = PBXGroup;
			children = (
				F879A98619AD862D00921266 /* LastLawyerStanding-Info.plist */,
				F879A98719AD862D00921266 /* InfoPlist.strings */,
				F879A98A19AD862D00921266 /* main.m */,
				F879A98C19AD862D00921266 /* LastLawyerStanding-Prefix.pch */,
			);
			name = "Supporting Files";
			sourceTree = "<group>";
		};
		F879A9A319AD862D00921266 /* LastLawyerStandingTests */ = {
			isa = PBXGroup;
			children = (
				F879A9A919AD862D00921266 /* LastLawyerStandingTests.m */,
				F879A9A419AD862D00921266 /* Supporting Files */,
			);
			path = LastLawyerStandingTests;
			sourceTree = "<group>";
		};
		F879A9A419AD862D00921266 /* Supporting Files */ = {
			isa = PBXGroup;
			children = (
				F879A9A519AD862D00921266 /* LastLawyerStandingTests-Info.plist */,
				F879A9A619AD862D00921266 /* InfoPlist.strings */,
			);
			name = "Supporting Files";
			sourceTree = "<group>";
		};
		F879A9B319AD88F100921266 /* source */ = {
			isa = PBXGroup;
			children = (
				F8A3BBE019AD98A000814DD2 /* model */,
				228F725819AD95EC00C24ED2 /* ibeacon */,
				F879A9BC19AD891200921266 /* network */,
				F879A9B419AD88F100921266 /* shared */,
				F879A9B719AD88F100921266 /* viewcontroller */,
			);
			path = source;
			sourceTree = "<group>";
		};
		F879A9B419AD88F100921266 /* shared */ = {
			isa = PBXGroup;
			children = (
				F879A9B519AD88F100921266 /* LLSAppDelegate.h */,
				F879A9B619AD88F100921266 /* LLSAppDelegate.m */,
			);
			path = shared;
			sourceTree = "<group>";
		};
		F879A9B719AD88F100921266 /* viewcontroller */ = {
			isa = PBXGroup;
			children = (
				F879A9B819AD88F100921266 /* LLSViewController.h */,
				F879A9B919AD88F100921266 /* LLSViewController.m */,
				4BE7725E19AD9499007C1817 /* LLSPlaytimeViewController.h */,
				4BE7725F19AD9499007C1817 /* LLSPlaytimeViewController.m */,
				4BE7726119AD9981007C1817 /* LLSJoinGameViewController.h */,
				4BE7726219AD9981007C1817 /* LLSJoinGameViewController.m */,
				4BE7726419ADDE57007C1817 /* LLSLosingViewController.h */,
				4BE7726519ADDE57007C1817 /* LLSLosingViewController.m */,
			);
			path = viewcontroller;
			sourceTree = "<group>";
		};
		F879A9BC19AD891200921266 /* network */ = {
			isa = PBXGroup;
			children = (
				F879A9BD19AD892E00921266 /* LLSNetworkManager.h */,
				F879A9BE19AD892E00921266 /* LLSNetworkManager.m */,
			);
			path = network;
			sourceTree = "<group>";
		};
		F8A3BBE019AD98A000814DD2 /* model */ = {
			isa = PBXGroup;
			children = (
				F8A3BC5419ADAAA200814DD2 /* LLSSerializable.h */,
				F8A3BBE219AD9C0400814DD2 /* LLSGame.h */,
				F8A3BBE319AD9C0400814DD2 /* LLSGame.m */,
				F8A3BBE519AD9C0A00814DD2 /* LLSPlayer.h */,
				F8A3BBE619AD9C0A00814DD2 /* LLSPlayer.m */,
			);
			path = model;
			sourceTree = "<group>";
		};
		F8A3BBE819ADA4B500814DD2 /* external */ = {
			isa = PBXGroup;
			children = (
				F8A3BBE919ADA4B500814DD2 /* IVGUtils */,
			);
			path = external;
			sourceTree = "<group>";
		};
		F8A3BBE919ADA4B500814DD2 /* IVGUtils */ = {
			isa = PBXGroup;
			children = (
				F8A3BBEA19ADA4B500814DD2 /* IVGBlockMap.h */,
				F8A3BBEB19ADA4B500814DD2 /* IVGBlockMap.m */,
				F8A3BBEC19ADA4B500814DD2 /* IVGClock.h */,
				F8A3BBED19ADA4B500814DD2 /* IVGClock.m */,
				F8A3BBEE19ADA4B500814DD2 /* IVGDebug.h */,
				F8A3BBEF19ADA4B500814DD2 /* IVGGradientButton.h */,
				F8A3BBF019ADA4B500814DD2 /* IVGGradientButton.m */,
				F8A3BBF119ADA4B500814DD2 /* IVGGradientTableView.h */,
				F8A3BBF219ADA4B500814DD2 /* IVGGradientTableView.m */,
				F8A3BBF319ADA4B500814DD2 /* IVGGradientTableViewCell.h */,
				F8A3BBF419ADA4B500814DD2 /* IVGGradientTableViewCell.m */,
				F8A3BBF519ADA4B500814DD2 /* IVGGradientView.h */,
				F8A3BBF619ADA4B500814DD2 /* IVGGradientView.m */,
				F8A3BBF719ADA4B500814DD2 /* IVGHTMLExtractor.h */,
				F8A3BBF819ADA4B500814DD2 /* IVGHTMLExtractor.m */,
				F8A3BBF919ADA4B500814DD2 /* IVGImageScrollView.h */,
				F8A3BBFA19ADA4B500814DD2 /* IVGImageScrollView.m */,
				F8A3BBFB19ADA4B500814DD2 /* IVGKeyboardToolbar.h */,
				F8A3BBFC19ADA4B500814DD2 /* IVGKeyboardToolbar.m */,
				F8A3BBFD19ADA4B500814DD2 /* IVGPair.h */,
				F8A3BBFE19ADA4B500814DD2 /* IVGPair.m */,
				F8A3BBFF19ADA4B500814DD2 /* IVGPassthroughView.h */,
				F8A3BC0019ADA4B500814DD2 /* IVGPassthroughView.m */,
				F8A3BC0119ADA4B500814DD2 /* IVGTextView.h */,
				F8A3BC0219ADA4B500814DD2 /* IVGTextView.m */,
				F8A3BC0319ADA4B500814DD2 /* IVGTouchableTableView.h */,
				F8A3BC0419ADA4B500814DD2 /* IVGTouchableTableView.m */,
				F8A3BC0519ADA4B500814DD2 /* IVGUtils.h */,
				F8A3BC0619ADA4B500814DD2 /* IVGUtils.m */,
				F8A3BC0719ADA4B500814DD2 /* IVGView.h */,
				F8A3BC0819ADA4B500814DD2 /* IVGView.m */,
				F8A3BC0919ADA4B500814DD2 /* NSArray+IVGUtils.h */,
				F8A3BC0A19ADA4B500814DD2 /* NSArray+IVGUtils.m */,
				F8A3BC0B19ADA4B500814DD2 /* NSData+IVGUtils.h */,
				F8A3BC0C19ADA4B500814DD2 /* NSData+IVGUtils.m */,
				F8A3BC0D19ADA4B500814DD2 /* NSDate+IVGUtils.h */,
				F8A3BC0E19ADA4B500814DD2 /* NSDate+IVGUtils.m */,
				F8A3BC0F19ADA4B500814DD2 /* NSDictionary+IVGUtils.h */,
				F8A3BC1019ADA4B500814DD2 /* NSDictionary+IVGUtils.m */,
				F8A3BC1119ADA4B500814DD2 /* NSFileManager+IVGUtils.h */,
				F8A3BC1219ADA4B500814DD2 /* NSFileManager+IVGUtils.m */,
				F8A3BC1319ADA4B500814DD2 /* NSObject+IVGUtils.h */,
				F8A3BC1419ADA4B500814DD2 /* NSObject+IVGUtils.m */,
				F8A3BC1519ADA4B500814DD2 /* NSOrderedSet+IVGUtils.h */,
				F8A3BC1619ADA4B500814DD2 /* NSOrderedSet+IVGUtils.m */,
				F8A3BC1719ADA4B500814DD2 /* NSSet+IVGUtils.h */,
				F8A3BC1819ADA4B500814DD2 /* NSSet+IVGUtils.m */,
				F8A3BC1919ADA4B500814DD2 /* NSString+IVGUtils.h */,
				F8A3BC1A19ADA4B500814DD2 /* NSString+IVGUtils.m */,
				F8A3BC1B19ADA4B500814DD2 /* NSURLResponse+IVGUtils.h */,
				F8A3BC1C19ADA4B500814DD2 /* NSURLResponse+IVGUtils.m */,
				F8A3BC1D19ADA4B500814DD2 /* UIColor+IVGUtils.h */,
				F8A3BC1E19ADA4B500814DD2 /* UIColor+IVGUtils.m */,
				F8A3BC1F19ADA4B500814DD2 /* UIDevice+IVGUtils.h */,
				F8A3BC2019ADA4B500814DD2 /* UIDevice+IVGUtils.m */,
				F8A3BC2119ADA4B500814DD2 /* UIImage+IVGUtils.h */,
				F8A3BC2219ADA4B500814DD2 /* UIImage+IVGUtils.m */,
				F8A3BC2319ADA4B500814DD2 /* UILabel+IVGUtils.h */,
				F8A3BC2419ADA4B500814DD2 /* UILabel+IVGUtils.m */,
				F8A3BC2519ADA4B500814DD2 /* UITabBarController+IVGUtils.h */,
				F8A3BC2619ADA4B500814DD2 /* UITabBarController+IVGUtils.m */,
				F8A3BC2719ADA4B500814DD2 /* UITextField+IVGUtils.h */,
				F8A3BC2819ADA4B500814DD2 /* UITextField+IVGUtils.m */,
				F8A3BC2919ADA4B500814DD2 /* UIToolbar+IVGUtils.h */,
				F8A3BC2A19ADA4B500814DD2 /* UIToolbar+IVGUtils.m */,
				F8A3BC2B19ADA4B500814DD2 /* UIView+IVGCustomProperties.h */,
				F8A3BC2C19ADA4B500814DD2 /* UIView+IVGCustomProperties.m */,
				F8A3BC2D19ADA4B500814DD2 /* UIView+IVGUtils.h */,
				F8A3BC2E19ADA4B500814DD2 /* UIView+IVGUtils.m */,
				F8A3BC2F19ADA4B500814DD2 /* UIViewController+IVGUtils.h */,
				F8A3BC3019ADA4B500814DD2 /* UIViewController+IVGUtils.m */,
			);
			path = IVGUtils;
			sourceTree = "<group>";
		};
/* End PBXGroup section */

/* Begin PBXNativeTarget section */
		F879A97A19AD862D00921266 /* LastLawyerStanding */ = {
			isa = PBXNativeTarget;
			buildConfigurationList = F879A9AD19AD862D00921266 /* Build configuration list for PBXNativeTarget "LastLawyerStanding" */;
			buildPhases = (
				F879A97719AD862D00921266 /* Sources */,
				F879A97819AD862D00921266 /* Frameworks */,
				F879A97919AD862D00921266 /* Resources */,
			);
			buildRules = (
			);
			dependencies = (
			);
			name = LastLawyerStanding;
			productName = LastLawyerStanding;
			productReference = F879A97B19AD862D00921266 /* LastLawyerStanding.app */;
			productType = "com.apple.product-type.application";
		};
		F879A99B19AD862D00921266 /* LastLawyerStandingTests */ = {
			isa = PBXNativeTarget;
			buildConfigurationList = F879A9B019AD862D00921266 /* Build configuration list for PBXNativeTarget "LastLawyerStandingTests" */;
			buildPhases = (
				F879A99819AD862D00921266 /* Sources */,
				F879A99919AD862D00921266 /* Frameworks */,
				F879A99A19AD862D00921266 /* Resources */,
			);
			buildRules = (
			);
			dependencies = (
				F879A9A219AD862D00921266 /* PBXTargetDependency */,
			);
			name = LastLawyerStandingTests;
			productName = LastLawyerStandingTests;
			productReference = F879A99C19AD862D00921266 /* LastLawyerStandingTests.xctest */;
			productType = "com.apple.product-type.bundle.unit-test";
		};
/* End PBXNativeTarget section */

/* Begin PBXProject section */
		F879A97319AD862D00921266 /* Project object */ = {
			isa = PBXProject;
			attributes = {
				CLASSPREFIX = LLS;
				LastUpgradeCheck = 0510;
				ORGANIZATIONNAME = "Ivy Gulch";
				TargetAttributes = {
					F879A99B19AD862D00921266 = {
						TestTargetID = F879A97A19AD862D00921266;
					};
				};
			};
			buildConfigurationList = F879A97619AD862D00921266 /* Build configuration list for PBXProject "LastLawyerStanding" */;
			compatibilityVersion = "Xcode 3.2";
			developmentRegion = English;
			hasScannedForEncodings = 0;
			knownRegions = (
				en,
				Base,
			);
			mainGroup = F879A97219AD862D00921266;
			productRefGroup = F879A97C19AD862D00921266 /* Products */;
			projectDirPath = "";
			projectRoot = "";
			targets = (
				F879A97A19AD862D00921266 /* LastLawyerStanding */,
				F879A99B19AD862D00921266 /* LastLawyerStandingTests */,
			);
		};
/* End PBXProject section */

/* Begin PBXResourcesBuildPhase section */
		F879A97919AD862D00921266 /* Resources */ = {
			isa = PBXResourcesBuildPhase;
			buildActionMask = 2147483647;
			files = (
				F879A99719AD862D00921266 /* Images.xcassets in Resources */,
				F879A98919AD862D00921266 /* InfoPlist.strings in Resources */,
				F879A99219AD862D00921266 /* Main.storyboard in Resources */,
			);
			runOnlyForDeploymentPostprocessing = 0;
		};
		F879A99A19AD862D00921266 /* Resources */ = {
			isa = PBXResourcesBuildPhase;
			buildActionMask = 2147483647;
			files = (
				F879A9A819AD862D00921266 /* InfoPlist.strings in Resources */,
			);
			runOnlyForDeploymentPostprocessing = 0;
		};
/* End PBXResourcesBuildPhase section */

/* Begin PBXSourcesBuildPhase section */
		F879A97719AD862D00921266 /* Sources */ = {
			isa = PBXSourcesBuildPhase;
			buildActionMask = 2147483647;
			files = (
				4BE7726319AD9981007C1817 /* LLSJoinGameViewController.m in Sources */,
				F8A3BC3819ADA4B500814DD2 /* IVGImageScrollView.m in Sources */,
				F8A3BC4E19ADA4B500814DD2 /* UITabBarController+IVGUtils.m in Sources */,
				F8A3BC3519ADA4B500814DD2 /* IVGGradientTableViewCell.m in Sources */,
				F879A9BB19AD88F100921266 /* LLSViewController.m in Sources */,
				F8A3BC3F19ADA4B500814DD2 /* IVGView.m in Sources */,
				F8A3BC5219ADA4B500814DD2 /* UIView+IVGUtils.m in Sources */,
				F8A3BBE419AD9C0400814DD2 /* LLSGame.m in Sources */,
				F8A3BC3419ADA4B500814DD2 /* IVGGradientTableView.m in Sources */,
				F8A3BC3719ADA4B500814DD2 /* IVGHTMLExtractor.m in Sources */,
				F8A3BC3D19ADA4B500814DD2 /* IVGTouchableTableView.m in Sources */,
				F8A3BC4719ADA4B500814DD2 /* NSSet+IVGUtils.m in Sources */,
				4BE7726619ADDE57007C1817 /* LLSLosingViewController.m in Sources */,
				F8A3BC4C19ADA4B500814DD2 /* UIImage+IVGUtils.m in Sources */,
				F8A3BC4519ADA4B500814DD2 /* NSObject+IVGUtils.m in Sources */,
				F8A3BC3B19ADA4B500814DD2 /* IVGPassthroughView.m in Sources */,
				F8A3BC4619ADA4B500814DD2 /* NSOrderedSet+IVGUtils.m in Sources */,
				F8A3BC3C19ADA4B500814DD2 /* IVGTextView.m in Sources */,
				F8A3BC5019ADA4B500814DD2 /* UIToolbar+IVGUtils.m in Sources */,
				4BE7726019AD9499007C1817 /* LLSPlaytimeViewController.m in Sources */,
				F8A3BC5119ADA4B500814DD2 /* UIView+IVGCustomProperties.m in Sources */,
				F879A9BA19AD88F100921266 /* LLSAppDelegate.m in Sources */,
				F8A3BC3A19ADA4B500814DD2 /* IVGPair.m in Sources */,
				F8A3BC3E19ADA4B500814DD2 /* IVGUtils.m in Sources */,
				F879A9BF19AD892E00921266 /* LLSNetworkManager.m in Sources */,
				F8A3BC4B19ADA4B500814DD2 /* UIDevice+IVGUtils.m in Sources */,
				F8A3BC4019ADA4B500814DD2 /* NSArray+IVGUtils.m in Sources */,
				F8A3BC5319ADA4B500814DD2 /* UIViewController+IVGUtils.m in Sources */,
				F8A3BC4419ADA4B500814DD2 /* NSFileManager+IVGUtils.m in Sources */,
				F8A3BC3919ADA4B500814DD2 /* IVGKeyboardToolbar.m in Sources */,
				F8A3BC4F19ADA4B500814DD2 /* UITextField+IVGUtils.m in Sources */,
				F8A3BC4119ADA4B500814DD2 /* NSData+IVGUtils.m in Sources */,
				F8A3BC4819ADA4B500814DD2 /* NSString+IVGUtils.m in Sources */,
				F8A3BBE719AD9C0A00814DD2 /* LLSPlayer.m in Sources */,
				F8A3BC4A19ADA4B500814DD2 /* UIColor+IVGUtils.m in Sources */,
				F8A3BC4919ADA4B500814DD2 /* NSURLResponse+IVGUtils.m in Sources */,
				F8A3BC3619ADA4B500814DD2 /* IVGGradientView.m in Sources */,
				F8A3BC4D19ADA4B500814DD2 /* UILabel+IVGUtils.m in Sources */,
				F8A3BC4219ADA4B500814DD2 /* NSDate+IVGUtils.m in Sources */,
				F8A3BC4319ADA4B500814DD2 /* NSDictionary+IVGUtils.m in Sources */,
				F8A3BC3219ADA4B500814DD2 /* IVGClock.m in Sources */,
				F879A98B19AD862D00921266 /* main.m in Sources */,
				228F725B19AD961F00C24ED2 /* LLSBeaconRangeManager.m in Sources */,
			);
			runOnlyForDeploymentPostprocessing = 0;
		};
		F879A99819AD862D00921266 /* Sources */ = {
			isa = PBXSourcesBuildPhase;
			buildActionMask = 2147483647;
			files = (
				F879A9AA19AD862D00921266 /* LastLawyerStandingTests.m in Sources */,
			);
			runOnlyForDeploymentPostprocessing = 0;
		};
/* End PBXSourcesBuildPhase section */

/* Begin PBXTargetDependency section */
		F879A9A219AD862D00921266 /* PBXTargetDependency */ = {
			isa = PBXTargetDependency;
			target = F879A97A19AD862D00921266 /* LastLawyerStanding */;
			targetProxy = F879A9A119AD862D00921266 /* PBXContainerItemProxy */;
		};
/* End PBXTargetDependency section */

/* Begin PBXVariantGroup section */
		F879A98719AD862D00921266 /* InfoPlist.strings */ = {
			isa = PBXVariantGroup;
			children = (
				F879A98819AD862D00921266 /* en */,
			);
			name = InfoPlist.strings;
			sourceTree = "<group>";
		};
		F879A99019AD862D00921266 /* Main.storyboard */ = {
			isa = PBXVariantGroup;
			children = (
				F879A99119AD862D00921266 /* Base */,
			);
			name = Main.storyboard;
			sourceTree = "<group>";
		};
		F879A9A619AD862D00921266 /* InfoPlist.strings */ = {
			isa = PBXVariantGroup;
			children = (
				F879A9A719AD862D00921266 /* en */,
			);
			name = InfoPlist.strings;
			sourceTree = "<group>";
		};
/* End PBXVariantGroup section */

/* Begin XCBuildConfiguration section */
		F879A9AB19AD862D00921266 /* Debug */ = {
			isa = XCBuildConfiguration;
			buildSettings = {
				ALWAYS_SEARCH_USER_PATHS = NO;
				CLANG_CXX_LANGUAGE_STANDARD = "gnu++0x";
				CLANG_CXX_LIBRARY = "libc++";
				CLANG_ENABLE_MODULES = YES;
				CLANG_ENABLE_OBJC_ARC = YES;
				CLANG_WARN_BOOL_CONVERSION = YES;
				CLANG_WARN_CONSTANT_CONVERSION = YES;
				CLANG_WARN_DIRECT_OBJC_ISA_USAGE = YES_ERROR;
				CLANG_WARN_EMPTY_BODY = YES;
				CLANG_WARN_ENUM_CONVERSION = YES;
				CLANG_WARN_INT_CONVERSION = YES;
				CLANG_WARN_OBJC_ROOT_CLASS = YES_ERROR;
				CLANG_WARN__DUPLICATE_METHOD_MATCH = YES;
				CODE_SIGN_IDENTITY = "iPhone Developer: Nathan Sjoquist (MVAK6L3SA5)";
				COPY_PHASE_STRIP = NO;
				GCC_C_LANGUAGE_STANDARD = gnu99;
				GCC_DYNAMIC_NO_PIC = NO;
				GCC_OPTIMIZATION_LEVEL = 0;
				GCC_PREPROCESSOR_DEFINITIONS = (
					"DEBUG=1",
					"$(inherited)",
				);
				GCC_SYMBOLS_PRIVATE_EXTERN = NO;
				GCC_WARN_64_TO_32_BIT_CONVERSION = YES;
				GCC_WARN_ABOUT_RETURN_TYPE = YES_ERROR;
				GCC_WARN_UNDECLARED_SELECTOR = YES;
				GCC_WARN_UNINITIALIZED_AUTOS = YES_AGGRESSIVE;
				GCC_WARN_UNUSED_FUNCTION = YES;
				GCC_WARN_UNUSED_VARIABLE = YES;
				IPHONEOS_DEPLOYMENT_TARGET = 7.1;
				ONLY_ACTIVE_ARCH = YES;
				SDKROOT = iphoneos;
			};
			name = Debug;
		};
		F879A9AC19AD862D00921266 /* Release */ = {
			isa = XCBuildConfiguration;
			buildSettings = {
				ALWAYS_SEARCH_USER_PATHS = NO;
				CLANG_CXX_LANGUAGE_STANDARD = "gnu++0x";
				CLANG_CXX_LIBRARY = "libc++";
				CLANG_ENABLE_MODULES = YES;
				CLANG_ENABLE_OBJC_ARC = YES;
				CLANG_WARN_BOOL_CONVERSION = YES;
				CLANG_WARN_CONSTANT_CONVERSION = YES;
				CLANG_WARN_DIRECT_OBJC_ISA_USAGE = YES_ERROR;
				CLANG_WARN_EMPTY_BODY = YES;
				CLANG_WARN_ENUM_CONVERSION = YES;
				CLANG_WARN_INT_CONVERSION = YES;
				CLANG_WARN_OBJC_ROOT_CLASS = YES_ERROR;
				CLANG_WARN__DUPLICATE_METHOD_MATCH = YES;
				CODE_SIGN_IDENTITY = "iPhone Developer: Nathan Sjoquist (MVAK6L3SA5)";
				COPY_PHASE_STRIP = YES;
				ENABLE_NS_ASSERTIONS = NO;
				GCC_C_LANGUAGE_STANDARD = gnu99;
				GCC_WARN_64_TO_32_BIT_CONVERSION = YES;
				GCC_WARN_ABOUT_RETURN_TYPE = YES_ERROR;
				GCC_WARN_UNDECLARED_SELECTOR = YES;
				GCC_WARN_UNINITIALIZED_AUTOS = YES_AGGRESSIVE;
				GCC_WARN_UNUSED_FUNCTION = YES;
				GCC_WARN_UNUSED_VARIABLE = YES;
				IPHONEOS_DEPLOYMENT_TARGET = 7.1;
				SDKROOT = iphoneos;
				VALIDATE_PRODUCT = YES;
			};
			name = Release;
		};
		F879A9AE19AD862D00921266 /* Debug */ = {
			isa = XCBuildConfiguration;
			buildSettings = {
				ASSETCATALOG_COMPILER_APPICON_NAME = AppIcon;
				ASSETCATALOG_COMPILER_LAUNCHIMAGE_NAME = LaunchImage;
				CODE_SIGN_IDENTITY = "";
				GCC_PRECOMPILE_PREFIX_HEADER = YES;
				GCC_PREFIX_HEADER = "LastLawyerStanding/LastLawyerStanding-Prefix.pch";
				INFOPLIST_FILE = "LastLawyerStanding/LastLawyerStanding-Info.plist";
				PRODUCT_NAME = "$(TARGET_NAME)";
				PROVISIONING_PROFILE = "827FCB0B-7DCE-4289-973E-0FB052D1E47B";
				WRAPPER_EXTENSION = app;
			};
			name = Debug;
		};
		F879A9AF19AD862D00921266 /* Release */ = {
			isa = XCBuildConfiguration;
			buildSettings = {
				ASSETCATALOG_COMPILER_APPICON_NAME = AppIcon;
				ASSETCATALOG_COMPILER_LAUNCHIMAGE_NAME = LaunchImage;
				CODE_SIGN_IDENTITY = "";
				GCC_PRECOMPILE_PREFIX_HEADER = YES;
				GCC_PREFIX_HEADER = "LastLawyerStanding/LastLawyerStanding-Prefix.pch";
				INFOPLIST_FILE = "LastLawyerStanding/LastLawyerStanding-Info.plist";
				PRODUCT_NAME = "$(TARGET_NAME)";
				PROVISIONING_PROFILE = "827FCB0B-7DCE-4289-973E-0FB052D1E47B";
				WRAPPER_EXTENSION = app;
			};
			name = Release;
		};
		F879A9B119AD862D00921266 /* Debug */ = {
			isa = XCBuildConfiguration;
			buildSettings = {
				BUNDLE_LOADER = "$(BUILT_PRODUCTS_DIR)/LastLawyerStanding.app/LastLawyerStanding";
				FRAMEWORK_SEARCH_PATHS = (
					"$(SDKROOT)/Developer/Library/Frameworks",
					"$(inherited)",
					"$(DEVELOPER_FRAMEWORKS_DIR)",
				);
				GCC_PRECOMPILE_PREFIX_HEADER = YES;
				GCC_PREFIX_HEADER = "LastLawyerStanding/LastLawyerStanding-Prefix.pch";
				GCC_PREPROCESSOR_DEFINITIONS = (
					"DEBUG=1",
					"$(inherited)",
				);
				INFOPLIST_FILE = "LastLawyerStandingTests/LastLawyerStandingTests-Info.plist";
				PRODUCT_NAME = "$(TARGET_NAME)";
				TEST_HOST = "$(BUNDLE_LOADER)";
				WRAPPER_EXTENSION = xctest;
			};
			name = Debug;
		};
		F879A9B219AD862D00921266 /* Release */ = {
			isa = XCBuildConfiguration;
			buildSettings = {
				BUNDLE_LOADER = "$(BUILT_PRODUCTS_DIR)/LastLawyerStanding.app/LastLawyerStanding";
				FRAMEWORK_SEARCH_PATHS = (
					"$(SDKROOT)/Developer/Library/Frameworks",
					"$(inherited)",
					"$(DEVELOPER_FRAMEWORKS_DIR)",
				);
				GCC_PRECOMPILE_PREFIX_HEADER = YES;
				GCC_PREFIX_HEADER = "LastLawyerStanding/LastLawyerStanding-Prefix.pch";
				INFOPLIST_FILE = "LastLawyerStandingTests/LastLawyerStandingTests-Info.plist";
				PRODUCT_NAME = "$(TARGET_NAME)";
				TEST_HOST = "$(BUNDLE_LOADER)";
				WRAPPER_EXTENSION = xctest;
			};
			name = Release;
		};
/* End XCBuildConfiguration section */

/* Begin XCConfigurationList section */
		F879A97619AD862D00921266 /* Build configuration list for PBXProject "LastLawyerStanding" */ = {
			isa = XCConfigurationList;
			buildConfigurations = (
				F879A9AB19AD862D00921266 /* Debug */,
				F879A9AC19AD862D00921266 /* Release */,
			);
			defaultConfigurationIsVisible = 0;
			defaultConfigurationName = Release;
		};
		F879A9AD19AD862D00921266 /* Build configuration list for PBXNativeTarget "LastLawyerStanding" */ = {
			isa = XCConfigurationList;
			buildConfigurations = (
				F879A9AE19AD862D00921266 /* Debug */,
				F879A9AF19AD862D00921266 /* Release */,
			);
			defaultConfigurationIsVisible = 0;
			defaultConfigurationName = Release;
		};
		F879A9B019AD862D00921266 /* Build configuration list for PBXNativeTarget "LastLawyerStandingTests" */ = {
			isa = XCConfigurationList;
			buildConfigurations = (
				F879A9B119AD862D00921266 /* Debug */,
				F879A9B219AD862D00921266 /* Release */,
			);
			defaultConfigurationIsVisible = 0;
			defaultConfigurationName = Release;
		};
/* End XCConfigurationList section */
	};
	rootObject = F879A97319AD862D00921266 /* Project object */;
}
